{
  "name": "test-npm-package",
  "version": "1.0.0",
  "lockfileVersion": 1,
  "requires": true,
  "dependencies": {
    "@xeusteerapat/random-hex-id": {
      "version": "1.0.0",
      "resolved": "https://registry.npmjs.org/@xeusteerapat/random-hex-id/-/random-hex-id-1.0.0.tgz",
      "integrity": "sha512-hG1AYvGQm0OLb80Ey97fGXR+Ba/bk9ULMTbPBRpazt5G3AqR/O0qUHlWrYgE2VWVba2kymQnrzukiGpOP9Cm5Q=="
    }
  }
}
